
Microsoft Visual Studio Solution File, Format Version 12.00
# Visual Studio Version 16
VisualStudioVersion = 16.0.28803.202
MinimumVisualStudioVersion = 10.0.40219.1
Project("{FAE04EC0-301F-11D3-BF4B-00C04F79EFBC}") = "HotelManagerApp", "HotelManagerApp\HotelManagerApp.csproj", "{F671256D-3947-49F0-AEC9-266A614F8BE5}"
EndProject
Project("{FAE04EC0-301F-11D3-BF4B-00C04F79EFBC}") = "PizzaApp", "PizzaApp\PizzaApp.csproj", "{64BDFDBE-8553-4052-B326-B557EA50137C}"
EndProject
Project("{FAE04EC0-301F-11D3-BF4B-00C04F79EFBC}") = "QueueApp", "QueueApp\QueueApp.csproj", "{EC695685-65AA-4E02-8889-7E7032B98CFD}"
EndProject
Project("{FAE04EC0-301F-11D3-BF4B-00C04F79EFBC}") = "StudentsAndWorkersApp", "StudentsAndWorkersApp\StudentsAndWorkersApp.csproj", "{26C6E76B-6053-4AFD-8F96-2DCF09B2F1D5}"
EndProject
Project("{FAE04EC0-301F-11D3-BF4B-00C04F79EFBC}") = "StackApp", "StackApp\StackApp.csproj", "{23018531-DC39-45BD-A666-6E0732F2CC09}"
EndProject
Global
	GlobalSection(SolutionConfigurationPlatforms) = preSolution
		Debug|Any CPU = Debug|Any CPU
		Release|Any CPU = Release|Any CPU
	EndGlobalSection
	GlobalSection(ProjectConfigurationPlatforms) = postSolution
		{F671256D-3947-49F0-AEC9-266A614F8BE5}.Debug|Any CPU.ActiveCfg = Debug|Any CPU
		{F671256D-3947-49F0-AEC9-266A614F8BE5}.Debug|Any CPU.Build.0 = Debug|Any CPU
		{F671256D-3947-49F0-AEC9-266A614F8BE5}.Release|Any CPU.ActiveCfg = Release|Any CPU
		{F671256D-3947-49F0-AEC9-266A614F8BE5}.Release|Any CPU.Build.0 = Release|Any CPU
		{64BDFDBE-8553-4052-B326-B557EA50137C}.Debug|Any CPU.ActiveCfg = Debug|Any CPU
		{64BDFDBE-8553-4052-B326-B557EA50137C}.Debug|Any CPU.Build.0 = Debug|Any CPU
		{64BDFDBE-8553-4052-B326-B557EA50137C}.Release|Any CPU.ActiveCfg = Release|Any CPU
		{64BDFDBE-8553-4052-B326-B557EA50137C}.Release|Any CPU.Build.0 = Release|Any CPU
		{EC695685-65AA-4E02-8889-7E7032B98CFD}.Debug|Any CPU.ActiveCfg = Debug|Any CPU
		{EC695685-65AA-4E02-8889-7E7032B98CFD}.Debug|Any CPU.Build.0 = Debug|Any CPU
		{EC695685-65AA-4E02-8889-7E7032B98CFD}.Release|Any CPU.ActiveCfg = Release|Any CPU
		{EC695685-65AA-4E02-8889-7E7032B98CFD}.Release|Any CPU.Build.0 = Release|Any CPU
		{26C6E76B-6053-4AFD-8F96-2DCF09B2F1D5}.Debug|Any CPU.ActiveCfg = Debug|Any CPU
		{26C6E76B-6053-4AFD-8F96-2DCF09B2F1D5}.Debug|Any CPU.Build.0 = Debug|Any CPU
		{26C6E76B-6053-4AFD-8F96-2DCF09B2F1D5}.Release|Any CPU.ActiveCfg = Release|Any CPU
		{26C6E76B-6053-4AFD-8F96-2DCF09B2F1D5}.Release|Any CPU.Build.0 = Release|Any CPU
		{23018531-DC39-45BD-A666-6E0732F2CC09}.Debug|Any CPU.ActiveCfg = Debug|Any CPU
		{23018531-DC39-45BD-A666-6E0732F2CC09}.Debug|Any CPU.Build.0 = Debug|Any CPU
		{23018531-DC39-45BD-A666-6E0732F2CC09}.Release|Any CPU.ActiveCfg = Release|Any CPU
		{23018531-DC39-45BD-A666-6E0732F2CC09}.Release|Any CPU.Build.0 = Release|Any CPU
	EndGlobalSection
	GlobalSection(SolutionProperties) = preSolution
		HideSolutionNode = FALSE
	EndGlobalSection
	GlobalSection(ExtensibilityGlobals) = postSolution
		SolutionGuid = {D1818CF5-44DA-4118-90FA-34EFD20DF162}
	EndGlobalSection
EndGlobal
