
Microsoft Visual Studio Solution File, Format Version 12.00
# Visual Studio Version 16
VisualStudioVersion = 16.0.28803.352
MinimumVisualStudioVersion = 10.0.40219.1
Project("{FAE04EC0-301F-11D3-BF4B-00C04F79EFBC}") = "GenericsHomeworkA", "GenericsHomeworkA\GenericsHomeworkA.csproj", "{4F6B6E16-A9AF-4A93-825D-D912C1C7F1BF}"
EndProject
Project("{FAE04EC0-301F-11D3-BF4B-00C04F79EFBC}") = "GenericMatrix", "GenericMatrix\GenericMatrix.csproj", "{70DA4D44-0D0C-408A-8DE8-812B3FB5A50D}"
EndProject
Project("{FAE04EC0-301F-11D3-BF4B-00C04F79EFBC}") = "MatrixGeneric", "MatrixGeneric\MatrixGeneric.csproj", "{565B6B67-9445-48A7-8915-B0F3382A8100}"
EndProject
Global
	GlobalSection(SolutionConfigurationPlatforms) = preSolution
		Debug|Any CPU = Debug|Any CPU
		Release|Any CPU = Release|Any CPU
	EndGlobalSection
	GlobalSection(ProjectConfigurationPlatforms) = postSolution
		{4F6B6E16-A9AF-4A93-825D-D912C1C7F1BF}.Debug|Any CPU.ActiveCfg = Debug|Any CPU
		{4F6B6E16-A9AF-4A93-825D-D912C1C7F1BF}.Debug|Any CPU.Build.0 = Debug|Any CPU
		{4F6B6E16-A9AF-4A93-825D-D912C1C7F1BF}.Release|Any CPU.ActiveCfg = Release|Any CPU
		{4F6B6E16-A9AF-4A93-825D-D912C1C7F1BF}.Release|Any CPU.Build.0 = Release|Any CPU
		{70DA4D44-0D0C-408A-8DE8-812B3FB5A50D}.Debug|Any CPU.ActiveCfg = Debug|Any CPU
		{70DA4D44-0D0C-408A-8DE8-812B3FB5A50D}.Debug|Any CPU.Build.0 = Debug|Any CPU
		{70DA4D44-0D0C-408A-8DE8-812B3FB5A50D}.Release|Any CPU.ActiveCfg = Release|Any CPU
		{70DA4D44-0D0C-408A-8DE8-812B3FB5A50D}.Release|Any CPU.Build.0 = Release|Any CPU
		{565B6B67-9445-48A7-8915-B0F3382A8100}.Debug|Any CPU.ActiveCfg = Debug|Any CPU
		{565B6B67-9445-48A7-8915-B0F3382A8100}.Debug|Any CPU.Build.0 = Debug|Any CPU
		{565B6B67-9445-48A7-8915-B0F3382A8100}.Release|Any CPU.ActiveCfg = Release|Any CPU
		{565B6B67-9445-48A7-8915-B0F3382A8100}.Release|Any CPU.Build.0 = Release|Any CPU
	EndGlobalSection
	GlobalSection(SolutionProperties) = preSolution
		HideSolutionNode = FALSE
	EndGlobalSection
	GlobalSection(ExtensibilityGlobals) = postSolution
		SolutionGuid = {ABA5B57D-364C-4723-8940-B476E801AD83}
	EndGlobalSection
EndGlobal
