
Microsoft Visual Studio Solution File, Format Version 12.00
# Visual Studio Version 16
VisualStudioVersion = 16.0.28803.352
MinimumVisualStudioVersion = 10.0.40219.1
Project("{FAE04EC0-301F-11D3-BF4B-00C04F79EFBC}") = "SchoolApp", "SchoolApp\SchoolApp.csproj", "{AD22C062-98F0-402E-9DC4-14EE892BD6D0}"
EndProject
Global
	GlobalSection(SolutionConfigurationPlatforms) = preSolution
		Debug|Any CPU = Debug|Any CPU
		Release|Any CPU = Release|Any CPU
	EndGlobalSection
	GlobalSection(ProjectConfigurationPlatforms) = postSolution
		{AD22C062-98F0-402E-9DC4-14EE892BD6D0}.Debug|Any CPU.ActiveCfg = Debug|Any CPU
		{AD22C062-98F0-402E-9DC4-14EE892BD6D0}.Debug|Any CPU.Build.0 = Debug|Any CPU
		{AD22C062-98F0-402E-9DC4-14EE892BD6D0}.Release|Any CPU.ActiveCfg = Release|Any CPU
		{AD22C062-98F0-402E-9DC4-14EE892BD6D0}.Release|Any CPU.Build.0 = Release|Any CPU
	EndGlobalSection
	GlobalSection(SolutionProperties) = preSolution
		HideSolutionNode = FALSE
	EndGlobalSection
	GlobalSection(ExtensibilityGlobals) = postSolution
		SolutionGuid = {5CDE3EA7-F4FA-47F2-8E85-508C799A1675}
	EndGlobalSection
EndGlobal
